
Microsoft Visual Studio Solution File, Format Version 12.00
# Visual Studio Version 17
VisualStudioVersion = 17.7.34221.43
MinimumVisualStudioVersion = 10.0.40219.1
Project("{FAE04EC0-301F-11D3-BF4B-00C04F79EFBC}") = "AudioPlayer_v1", "AudioPlayer_v1\AudioPlayer_v1.csproj", "{615BDD9C-B428-4458-945E-5ED5068B2FDD}"
EndProject
Global
	GlobalSection(SolutionConfigurationPlatforms) = preSolution
		Debug|Any CPU = Debug|Any CPU
		Release|Any CPU = Release|Any CPU
	EndGlobalSection
	GlobalSection(ProjectConfigurationPlatforms) = postSolution
		{615BDD9C-B428-4458-945E-5ED5068B2FDD}.Debug|Any CPU.ActiveCfg = Debug|Any CPU
		{615BDD9C-B428-4458-945E-5ED5068B2FDD}.Debug|Any CPU.Build.0 = Debug|Any CPU
		{615BDD9C-B428-4458-945E-5ED5068B2FDD}.Debug|Any CPU.Deploy.0 = Debug|Any CPU
		{615BDD9C-B428-4458-945E-5ED5068B2FDD}.Release|Any CPU.ActiveCfg = Release|Any CPU
		{615BDD9C-B428-4458-945E-5ED5068B2FDD}.Release|Any CPU.Build.0 = Release|Any CPU
		{615BDD9C-B428-4458-945E-5ED5068B2FDD}.Release|Any CPU.Deploy.0 = Release|Any CPU
	EndGlobalSection
	GlobalSection(SolutionProperties) = preSolution
		HideSolutionNode = FALSE
	EndGlobalSection
	GlobalSection(ExtensibilityGlobals) = postSolution
		SolutionGuid = {AB7FEFAB-AD58-4DEC-AEB0-01401ECD24DD}
	EndGlobalSection
EndGlobal
